// !$*UTF8*$!
{
	archiveVersion = 1;
	classes = {
	};
	objectVersion = 46;
	objects = {

/* Begin PBXBuildFile section */
		F8DF371F1A5D7DF200C25C9F /* main.m in Sources */ = {isa = PBXBuildFile; fileRef = F8DF371E1A5D7DF200C25C9F /* main.m */; };
		F8DF37221A5D7DF200C25C9F /* AppDelegate.m in Sources */ = {isa = PBXBuildFile; fileRef = F8DF37211A5D7DF200C25C9F /* AppDelegate.m */; };
		F8DF37281A5D7DF200C25C9F /* ViewController.m in Sources */ = {isa = PBXBuildFile; fileRef = F8DF37271A5D7DF200C25C9F /* ViewController.m */; };
		F8DF372B1A5D7DF300C25C9F /* Main.storyboard in Resources */ = {isa = PBXBuildFile; fileRef = F8DF37291A5D7DF300C25C9F /* Main.storyboard */; };
		F8DF372D1A5D7DF300C25C9F /* Images.xcassets in Resources */ = {isa = PBXBuildFile; fileRef = F8DF372C1A5D7DF300C25C9F /* Images.xcassets */; };
		F8DF37301A5D7DF300C25C9F /* LaunchScreen.xib in Resources */ = {isa = PBXBuildFile; fileRef = F8DF372E1A5D7DF300C25C9F /* LaunchScreen.xib */; };
		F8EF42531A5D859F008D58D1 /* VendingMachine.m in Sources */ = {isa = PBXBuildFile; fileRef = F8EF42521A5D859F008D58D1 /* VendingMachine.m */; };
		F8EF42591A5D87D0008D58D1 /* CoinSlot.m in Sources */ = {isa = PBXBuildFile; fileRef = F8EF42581A5D87D0008D58D1 /* CoinSlot.m */; };
		F8EF425C1A5D8880008D58D1 /* Display.m in Sources */ = {isa = PBXBuildFile; fileRef = F8EF425B1A5D8880008D58D1 /* Display.m */; };
		F8EF425E1A5D97A0008D58D1 /* ModelTests.m in Sources */ = {isa = PBXBuildFile; fileRef = F8EF425D1A5D97A0008D58D1 /* ModelTests.m */; };
		F8EF426E1A5DC1C3008D58D1 /* CoinReturn.m in Sources */ = {isa = PBXBuildFile; fileRef = F8EF426D1A5DC1C3008D58D1 /* CoinReturn.m */; };
		F8EF427E1A5DEC0F008D58D1 /* CoinRecognizer.m in Sources */ = {isa = PBXBuildFile; fileRef = F8EF427D1A5DEC0F008D58D1 /* CoinRecognizer.m */; };
/* End PBXBuildFile section */

/* Begin PBXContainerItemProxy section */
		F8DF37361A5D7DF300C25C9F /* PBXContainerItemProxy */ = {
			isa = PBXContainerItemProxy;
			containerPortal = F8DF37111A5D7DF200C25C9F /* Project object */;
			proxyType = 1;
			remoteGlobalIDString = F8DF37181A5D7DF200C25C9F;
			remoteInfo = VendingMachineKata;
		};
/* End PBXContainerItemProxy section */

/* Begin PBXFileReference section */
		F8DF37191A5D7DF200C25C9F /* VendingMachineKata.app */ = {isa = PBXFileReference; explicitFileType = wrapper.application; includeInIndex = 0; path = VendingMachineKata.app; sourceTree = BUILT_PRODUCTS_DIR; };
		F8DF371D1A5D7DF200C25C9F /* Info.plist */ = {isa = PBXFileReference; lastKnownFileType = text.plist.xml; path = Info.plist; sourceTree = "<group>"; };
		F8DF371E1A5D7DF200C25C9F /* main.m */ = {isa = PBXFileReference; lastKnownFileType = sourcecode.c.objc; path = main.m; sourceTree = "<group>"; };
		F8DF37201A5D7DF200C25C9F /* AppDelegate.h */ = {isa = PBXFileReference; lastKnownFileType = sourcecode.c.h; path = AppDelegate.h; sourceTree = "<group>"; };
		F8DF37211A5D7DF200C25C9F /* AppDelegate.m */ = {isa = PBXFileReference; lastKnownFileType = sourcecode.c.objc; path = AppDelegate.m; sourceTree = "<group>"; };
		F8DF37261A5D7DF200C25C9F /* ViewController.h */ = {isa = PBXFileReference; lastKnownFileType = sourcecode.c.h; path = ViewController.h; sourceTree = "<group>"; };
		F8DF37271A5D7DF200C25C9F /* ViewController.m */ = {isa = PBXFileReference; lastKnownFileType = sourcecode.c.objc; path = ViewController.m; sourceTree = "<group>"; };
		F8DF372A1A5D7DF300C25C9F /* Base */ = {isa = PBXFileReference; lastKnownFileType = file.storyboard; name = Base; path = Base.lproj/Main.storyboard; sourceTree = "<group>"; };
		F8DF372C1A5D7DF300C25C9F /* Images.xcassets */ = {isa = PBXFileReference; lastKnownFileType = folder.assetcatalog; path = Images.xcassets; sourceTree = "<group>"; };
		F8DF372F1A5D7DF300C25C9F /* Base */ = {isa = PBXFileReference; lastKnownFileType = file.xib; name = Base; path = Base.lproj/LaunchScreen.xib; sourceTree = "<group>"; };
		F8DF37351A5D7DF300C25C9F /* VendingMachineKataTests.xctest */ = {isa = PBXFileReference; explicitFileType = wrapper.cfbundle; includeInIndex = 0; path = VendingMachineKataTests.xctest; sourceTree = BUILT_PRODUCTS_DIR; };
		F8DF373A1A5D7DF300C25C9F /* Info.plist */ = {isa = PBXFileReference; lastKnownFileType = text.plist.xml; path = Info.plist; sourceTree = "<group>"; };
		F8EF42511A5D859F008D58D1 /* VendingMachine.h */ = {isa = PBXFileReference; fileEncoding = 4; lastKnownFileType = sourcecode.c.h; path = VendingMachine.h; sourceTree = "<group>"; };
		F8EF42521A5D859F008D58D1 /* VendingMachine.m */ = {isa = PBXFileReference; fileEncoding = 4; lastKnownFileType = sourcecode.c.objc; path = VendingMachine.m; sourceTree = "<group>"; };
		F8EF42571A5D87D0008D58D1 /* CoinSlot.h */ = {isa = PBXFileReference; fileEncoding = 4; lastKnownFileType = sourcecode.c.h; path = CoinSlot.h; sourceTree = "<group>"; };
		F8EF42581A5D87D0008D58D1 /* CoinSlot.m */ = {isa = PBXFileReference; fileEncoding = 4; lastKnownFileType = sourcecode.c.objc; path = CoinSlot.m; sourceTree = "<group>"; };
		F8EF425A1A5D8880008D58D1 /* Display.h */ = {isa = PBXFileReference; fileEncoding = 4; lastKnownFileType = sourcecode.c.h; path = Display.h; sourceTree = "<group>"; };
		F8EF425B1A5D8880008D58D1 /* Display.m */ = {isa = PBXFileReference; fileEncoding = 4; lastKnownFileType = sourcecode.c.objc; path = Display.m; sourceTree = "<group>"; };
		F8EF425D1A5D97A0008D58D1 /* ModelTests.m */ = {isa = PBXFileReference; fileEncoding = 4; lastKnownFileType = sourcecode.c.objc; path = ModelTests.m; sourceTree = "<group>"; };
		F8EF426C1A5DC1C3008D58D1 /* CoinReturn.h */ = {isa = PBXFileReference; fileEncoding = 4; lastKnownFileType = sourcecode.c.h; path = CoinReturn.h; sourceTree = "<group>"; };
		F8EF426D1A5DC1C3008D58D1 /* CoinReturn.m */ = {isa = PBXFileReference; fileEncoding = 4; lastKnownFileType = sourcecode.c.objc; path = CoinReturn.m; sourceTree = "<group>"; };
		F8EF427C1A5DEC0F008D58D1 /* CoinRecognizer.h */ = {isa = PBXFileReference; fileEncoding = 4; lastKnownFileType = sourcecode.c.h; path = CoinRecognizer.h; sourceTree = "<group>"; };
		F8EF427D1A5DEC0F008D58D1 /* CoinRecognizer.m */ = {isa = PBXFileReference; fileEncoding = 4; lastKnownFileType = sourcecode.c.objc; path = CoinRecognizer.m; sourceTree = "<group>"; };
/* End PBXFileReference section */

/* Begin PBXFrameworksBuildPhase section */
		F8DF37161A5D7DF200C25C9F /* Frameworks */ = {
			isa = PBXFrameworksBuildPhase;
			buildActionMask = 2147483647;
			files = (
			);
			runOnlyForDeploymentPostprocessing = 0;
		};
		F8DF37321A5D7DF300C25C9F /* Frameworks */ = {
			isa = PBXFrameworksBuildPhase;
			buildActionMask = 2147483647;
			files = (
			);
			runOnlyForDeploymentPostprocessing = 0;
		};
/* End PBXFrameworksBuildPhase section */

/* Begin PBXGroup section */
		F8DF37101A5D7DF200C25C9F = {
			isa = PBXGroup;
			children = (
				F8DF371B1A5D7DF200C25C9F /* VendingMachineKata */,
				F8DF37381A5D7DF300C25C9F /* VendingMachineKataTests */,
				F8DF371A1A5D7DF200C25C9F /* Products */,
			);
			sourceTree = "<group>";
		};
		F8DF371A1A5D7DF200C25C9F /* Products */ = {
			isa = PBXGroup;
			children = (
				F8DF37191A5D7DF200C25C9F /* VendingMachineKata.app */,
				F8DF37351A5D7DF300C25C9F /* VendingMachineKataTests.xctest */,
			);
			name = Products;
			sourceTree = "<group>";
		};
		F8DF371B1A5D7DF200C25C9F /* VendingMachineKata */ = {
			isa = PBXGroup;
			children = (
				F8EF42501A5D8537008D58D1 /* Models */,
				F8DF37201A5D7DF200C25C9F /* AppDelegate.h */,
				F8DF37211A5D7DF200C25C9F /* AppDelegate.m */,
				F8DF37261A5D7DF200C25C9F /* ViewController.h */,
				F8DF37271A5D7DF200C25C9F /* ViewController.m */,
				F8DF37291A5D7DF300C25C9F /* Main.storyboard */,
				F8DF372C1A5D7DF300C25C9F /* Images.xcassets */,
				F8DF372E1A5D7DF300C25C9F /* LaunchScreen.xib */,
				F8DF371C1A5D7DF200C25C9F /* Supporting Files */,
			);
			path = VendingMachineKata;
			sourceTree = "<group>";
		};
		F8DF371C1A5D7DF200C25C9F /* Supporting Files */ = {
			isa = PBXGroup;
			children = (
				F8DF371D1A5D7DF200C25C9F /* Info.plist */,
				F8DF371E1A5D7DF200C25C9F /* main.m */,
			);
			name = "Supporting Files";
			sourceTree = "<group>";
		};
		F8DF37381A5D7DF300C25C9F /* VendingMachineKataTests */ = {
			isa = PBXGroup;
			children = (
				F8EF425D1A5D97A0008D58D1 /* ModelTests.m */,
				F8DF37391A5D7DF300C25C9F /* Supporting Files */,
			);
			path = VendingMachineKataTests;
			sourceTree = "<group>";
		};
		F8DF37391A5D7DF300C25C9F /* Supporting Files */ = {
			isa = PBXGroup;
			children = (
				F8DF373A1A5D7DF300C25C9F /* Info.plist */,
			);
			name = "Supporting Files";
			sourceTree = "<group>";
		};
		F8EF42501A5D8537008D58D1 /* Models */ = {
			isa = PBXGroup;
			children = (
				F8EF42511A5D859F008D58D1 /* VendingMachine.h */,
				F8EF42521A5D859F008D58D1 /* VendingMachine.m */,
				F8EF42571A5D87D0008D58D1 /* CoinSlot.h */,
				F8EF42581A5D87D0008D58D1 /* CoinSlot.m */,
				F8EF425A1A5D8880008D58D1 /* Display.h */,
				F8EF425B1A5D8880008D58D1 /* Display.m */,
				F8EF426C1A5DC1C3008D58D1 /* CoinReturn.h */,
				F8EF426D1A5DC1C3008D58D1 /* CoinReturn.m */,
				F8EF427C1A5DEC0F008D58D1 /* CoinRecognizer.h */,
				F8EF427D1A5DEC0F008D58D1 /* CoinRecognizer.m */,
			);
			path = Models;
			sourceTree = "<group>";
		};
/* End PBXGroup section */

/* Begin PBXNativeTarget section */
		F8DF37181A5D7DF200C25C9F /* VendingMachineKata */ = {
			isa = PBXNativeTarget;
			buildConfigurationList = F8DF373F1A5D7DF300C25C9F /* Build configuration list for PBXNativeTarget "VendingMachineKata" */;
			buildPhases = (
				F8DF37151A5D7DF200C25C9F /* Sources */,
				F8DF37161A5D7DF200C25C9F /* Frameworks */,
				F8DF37171A5D7DF200C25C9F /* Resources */,
			);
			buildRules = (
			);
			dependencies = (
			);
			name = VendingMachineKata;
			productName = VendingMachineKata;
			productReference = F8DF37191A5D7DF200C25C9F /* VendingMachineKata.app */;
			productType = "com.apple.product-type.application";
		};
		F8DF37341A5D7DF300C25C9F /* VendingMachineKataTests */ = {
			isa = PBXNativeTarget;
			buildConfigurationList = F8DF37421A5D7DF300C25C9F /* Build configuration list for PBXNativeTarget "VendingMachineKataTests" */;
			buildPhases = (
				F8DF37311A5D7DF300C25C9F /* Sources */,
				F8DF37321A5D7DF300C25C9F /* Frameworks */,
				F8DF37331A5D7DF300C25C9F /* Resources */,
			);
			buildRules = (
			);
			dependencies = (
				F8DF37371A5D7DF300C25C9F /* PBXTargetDependency */,
			);
			name = VendingMachineKataTests;
			productName = VendingMachineKataTests;
			productReference = F8DF37351A5D7DF300C25C9F /* VendingMachineKataTests.xctest */;
			productType = "com.apple.product-type.bundle.unit-test";
		};
/* End PBXNativeTarget section */

/* Begin PBXProject section */
		F8DF37111A5D7DF200C25C9F /* Project object */ = {
			isa = PBXProject;
			attributes = {
				CLASSPREFIX = "";
				LastUpgradeCheck = 0610;
				ORGANIZATIONNAME = "Casey Ryan Capps";
				TargetAttributes = {
					F8DF37181A5D7DF200C25C9F = {
						CreatedOnToolsVersion = 6.1.1;
						DevelopmentTeam = 3YDEH6RJMR;
					};
					F8DF37341A5D7DF300C25C9F = {
						CreatedOnToolsVersion = 6.1.1;
						TestTargetID = F8DF37181A5D7DF200C25C9F;
					};
				};
			};
			buildConfigurationList = F8DF37141A5D7DF200C25C9F /* Build configuration list for PBXProject "VendingMachineKata" */;
			compatibilityVersion = "Xcode 3.2";
			developmentRegion = English;
			hasScannedForEncodings = 0;
			knownRegions = (
				en,
				Base,
			);
			mainGroup = F8DF37101A5D7DF200C25C9F;
			productRefGroup = F8DF371A1A5D7DF200C25C9F /* Products */;
			projectDirPath = "";
			projectRoot = "";
			targets = (
				F8DF37181A5D7DF200C25C9F /* VendingMachineKata */,
				F8DF37341A5D7DF300C25C9F /* VendingMachineKataTests */,
			);
		};
/* End PBXProject section */

/* Begin PBXResourcesBuildPhase section */
		F8DF37171A5D7DF200C25C9F /* Resources */ = {
			isa = PBXResourcesBuildPhase;
			buildActionMask = 2147483647;
			files = (
				F8DF372B1A5D7DF300C25C9F /* Main.storyboard in Resources */,
				F8DF37301A5D7DF300C25C9F /* LaunchScreen.xib in Resources */,
				F8DF372D1A5D7DF300C25C9F /* Images.xcassets in Resources */,
			);
			runOnlyForDeploymentPostprocessing = 0;
		};
		F8DF37331A5D7DF300C25C9F /* Resources */ = {
			isa = PBXResourcesBuildPhase;
			buildActionMask = 2147483647;
			files = (
			);
			runOnlyForDeploymentPostprocessing = 0;
		};
/* End PBXResourcesBuildPhase section */

/* Begin PBXSourcesBuildPhase section */
		F8DF37151A5D7DF200C25C9F /* Sources */ = {
			isa = PBXSourcesBuildPhase;
			buildActionMask = 2147483647;
			files = (
				F8EF42591A5D87D0008D58D1 /* CoinSlot.m in Sources */,
				F8DF37221A5D7DF200C25C9F /* AppDelegate.m in Sources */,
				F8EF427E1A5DEC0F008D58D1 /* CoinRecognizer.m in Sources */,
				F8EF425C1A5D8880008D58D1 /* Display.m in Sources */,
				F8EF42531A5D859F008D58D1 /* VendingMachine.m in Sources */,
				F8DF37281A5D7DF200C25C9F /* ViewController.m in Sources */,
				F8DF371F1A5D7DF200C25C9F /* main.m in Sources */,
				F8EF426E1A5DC1C3008D58D1 /* CoinReturn.m in Sources */,
			);
			runOnlyForDeploymentPostprocessing = 0;
		};
		F8DF37311A5D7DF300C25C9F /* Sources */ = {
			isa = PBXSourcesBuildPhase;
			buildActionMask = 2147483647;
			files = (
				F8EF425E1A5D97A0008D58D1 /* ModelTests.m in Sources */,
			);
			runOnlyForDeploymentPostprocessing = 0;
		};
/* End PBXSourcesBuildPhase section */

/* Begin PBXTargetDependency section */
		F8DF37371A5D7DF300C25C9F /* PBXTargetDependency */ = {
			isa = PBXTargetDependency;
			target = F8DF37181A5D7DF200C25C9F /* VendingMachineKata */;
			targetProxy = F8DF37361A5D7DF300C25C9F /* PBXContainerItemProxy */;
		};
/* End PBXTargetDependency section */

/* Begin PBXVariantGroup section */
		F8DF37291A5D7DF300C25C9F /* Main.storyboard */ = {
			isa = PBXVariantGroup;
			children = (
				F8DF372A1A5D7DF300C25C9F /* Base */,
			);
			name = Main.storyboard;
			sourceTree = "<group>";
		};
		F8DF372E1A5D7DF300C25C9F /* LaunchScreen.xib */ = {
			isa = PBXVariantGroup;
			children = (
				F8DF372F1A5D7DF300C25C9F /* Base */,
			);
			name = LaunchScreen.xib;
			sourceTree = "<group>";
		};
/* End PBXVariantGroup section */

/* Begin XCBuildConfiguration section */
		F8DF373D1A5D7DF300C25C9F /* Debug */ = {
			isa = XCBuildConfiguration;
			buildSettings = {
				ALWAYS_SEARCH_USER_PATHS = NO;
				CLANG_CXX_LANGUAGE_STANDARD = "gnu++0x";
				CLANG_CXX_LIBRARY = "libc++";
				CLANG_ENABLE_MODULES = YES;
				CLANG_ENABLE_OBJC_ARC = YES;
				CLANG_WARN_BOOL_CONVERSION = YES;
				CLANG_WARN_CONSTANT_CONVERSION = YES;
				CLANG_WARN_DIRECT_OBJC_ISA_USAGE = YES_ERROR;
				CLANG_WARN_EMPTY_BODY = YES;
				CLANG_WARN_ENUM_CONVERSION = YES;
				CLANG_WARN_INT_CONVERSION = YES;
				CLANG_WARN_OBJC_ROOT_CLASS = YES_ERROR;
				CLANG_WARN_UNREACHABLE_CODE = YES;
				CLANG_WARN__DUPLICATE_METHOD_MATCH = YES;
				"CODE_SIGN_IDENTITY[sdk=iphoneos*]" = "iPhone Developer";
				COPY_PHASE_STRIP = NO;
				ENABLE_STRICT_OBJC_MSGSEND = YES;
				GCC_C_LANGUAGE_STANDARD = gnu99;
				GCC_DYNAMIC_NO_PIC = NO;
				GCC_OPTIMIZATION_LEVEL = 0;
				GCC_PREPROCESSOR_DEFINITIONS = (
					"DEBUG=1",
					"$(inherited)",
				);
				GCC_SYMBOLS_PRIVATE_EXTERN = NO;
				GCC_WARN_64_TO_32_BIT_CONVERSION = YES;
				GCC_WARN_ABOUT_RETURN_TYPE = YES_ERROR;
				GCC_WARN_UNDECLARED_SELECTOR = YES;
				GCC_WARN_UNINITIALIZED_AUTOS = YES_AGGRESSIVE;
				GCC_WARN_UNUSED_FUNCTION = YES;
				GCC_WARN_UNUSED_VARIABLE = YES;
				IPHONEOS_DEPLOYMENT_TARGET = 8.1;
				MTL_ENABLE_DEBUG_INFO = YES;
				ONLY_ACTIVE_ARCH = YES;
				SDKROOT = iphoneos;
				TARGETED_DEVICE_FAMILY = "1,2";
			};
			name = Debug;
		};
		F8DF373E1A5D7DF300C25C9F /* Release */ = {
			isa = XCBuildConfiguration;
			buildSettings = {
				ALWAYS_SEARCH_USER_PATHS = NO;
				CLANG_CXX_LANGUAGE_STANDARD = "gnu++0x";
				CLANG_CXX_LIBRARY = "libc++";
				CLANG_ENABLE_MODULES = YES;
				CLANG_ENABLE_OBJC_ARC = YES;
				CLANG_WARN_BOOL_CONVERSION = YES;
				CLANG_WARN_CONSTANT_CONVERSION = YES;
				CLANG_WARN_DIRECT_OBJC_ISA_USAGE = YES_ERROR;
				CLANG_WARN_EMPTY_BODY = YES;
				CLANG_WARN_ENUM_CONVERSION = YES;
				CLANG_WARN_INT_CONVERSION = YES;
				CLANG_WARN_OBJC_ROOT_CLASS = YES_ERROR;
				CLANG_WARN_UNREACHABLE_CODE = YES;
				CLANG_WARN__DUPLICATE_METHOD_MATCH = YES;
				"CODE_SIGN_IDENTITY[sdk=iphoneos*]" = "iPhone Developer";
				COPY_PHASE_STRIP = YES;
				ENABLE_NS_ASSERTIONS = NO;
				ENABLE_STRICT_OBJC_MSGSEND = YES;
				GCC_C_LANGUAGE_STANDARD = gnu99;
				GCC_WARN_64_TO_32_BIT_CONVERSION = YES;
				GCC_WARN_ABOUT_RETURN_TYPE = YES_ERROR;
				GCC_WARN_UNDECLARED_SELECTOR = YES;
				GCC_WARN_UNINITIALIZED_AUTOS = YES_AGGRESSIVE;
				GCC_WARN_UNUSED_FUNCTION = YES;
				GCC_WARN_UNUSED_VARIABLE = YES;
				IPHONEOS_DEPLOYMENT_TARGET = 8.1;
				MTL_ENABLE_DEBUG_INFO = NO;
				SDKROOT = iphoneos;
				TARGETED_DEVICE_FAMILY = "1,2";
				VALIDATE_PRODUCT = YES;
			};
			name = Release;
		};
		F8DF37401A5D7DF300C25C9F /* Debug */ = {
			isa = XCBuildConfiguration;
			buildSettings = {
				ASSETCATALOG_COMPILER_APPICON_NAME = AppIcon;
				CODE_SIGN_IDENTITY = "iPhone Developer";
				INFOPLIST_FILE = VendingMachineKata/Info.plist;
				LD_RUNPATH_SEARCH_PATHS = "$(inherited) @executable_path/Frameworks";
				PRODUCT_NAME = "$(TARGET_NAME)";
			};
			name = Debug;
		};
		F8DF37411A5D7DF300C25C9F /* Release */ = {
			isa = XCBuildConfiguration;
			buildSettings = {
				ASSETCATALOG_COMPILER_APPICON_NAME = AppIcon;
				CODE_SIGN_IDENTITY = "iPhone Developer";
				INFOPLIST_FILE = VendingMachineKata/Info.plist;
				LD_RUNPATH_SEARCH_PATHS = "$(inherited) @executable_path/Frameworks";
				PRODUCT_NAME = "$(TARGET_NAME)";
			};
			name = Release;
		};
		F8DF37431A5D7DF300C25C9F /* Debug */ = {
			isa = XCBuildConfiguration;
			buildSettings = {
				BUNDLE_LOADER = "$(TEST_HOST)";
				FRAMEWORK_SEARCH_PATHS = (
					"$(SDKROOT)/Developer/Library/Frameworks",
					"$(inherited)",
				);
				GCC_PREPROCESSOR_DEFINITIONS = (
					"DEBUG=1",
					"$(inherited)",
				);
				INFOPLIST_FILE = VendingMachineKataTests/Info.plist;
				LD_RUNPATH_SEARCH_PATHS = "$(inherited) @executable_path/Frameworks @loader_path/Frameworks";
				PRODUCT_NAME = "$(TARGET_NAME)";
				TEST_HOST = "$(BUILT_PRODUCTS_DIR)/VendingMachineKata.app/VendingMachineKata";
			};
			name = Debug;
		};
		F8DF37441A5D7DF300C25C9F /* Release */ = {
			isa = XCBuildConfiguration;
			buildSettings = {
				BUNDLE_LOADER = "$(TEST_HOST)";
				FRAMEWORK_SEARCH_PATHS = (
					"$(SDKROOT)/Developer/Library/Frameworks",
					"$(inherited)",
				);
				INFOPLIST_FILE = VendingMachineKataTests/Info.plist;
				LD_RUNPATH_SEARCH_PATHS = "$(inherited) @executable_path/Frameworks @loader_path/Frameworks";
				PRODUCT_NAME = "$(TARGET_NAME)";
				TEST_HOST = "$(BUILT_PRODUCTS_DIR)/VendingMachineKata.app/VendingMachineKata";
			};
			name = Release;
		};
/* End XCBuildConfiguration section */

/* Begin XCConfigurationList section */
		F8DF37141A5D7DF200C25C9F /* Build configuration list for PBXProject "VendingMachineKata" */ = {
			isa = XCConfigurationList;
			buildConfigurations = (
				F8DF373D1A5D7DF300C25C9F /* Debug */,
				F8DF373E1A5D7DF300C25C9F /* Release */,
			);
			defaultConfigurationIsVisible = 0;
			defaultConfigurationName = Release;
		};
		F8DF373F1A5D7DF300C25C9F /* Build configuration list for PBXNativeTarget "VendingMachineKata" */ = {
			isa = XCConfigurationList;
			buildConfigurations = (
				F8DF37401A5D7DF300C25C9F /* Debug */,
				F8DF37411A5D7DF300C25C9F /* Release */,
			);
			defaultConfigurationIsVisible = 0;
			defaultConfigurationName = Release;
		};
		F8DF37421A5D7DF300C25C9F /* Build configuration list for PBXNativeTarget "VendingMachineKataTests" */ = {
			isa = XCConfigurationList;
			buildConfigurations = (
				F8DF37431A5D7DF300C25C9F /* Debug */,
				F8DF37441A5D7DF300C25C9F /* Release */,
			);
			defaultConfigurationIsVisible = 0;
			defaultConfigurationName = Release;
		};
/* End XCConfigurationList section */
	};
	rootObject = F8DF37111A5D7DF200C25C9F /* Project object */;
}
